// !$*UTF8*$!
{
	archiveVersion = 1;
	classes = {
	};
	objectVersion = 46;
	objects = {

/* Begin PBXBuildFile section */
		34C914611E8E2D82001AD3AC /* AppDelegate.swift in Sources */ = {isa = PBXBuildFile; fileRef = 34C914601E8E2D82001AD3AC /* AppDelegate.swift */; };
		34C914631E8E2D82001AD3AC /* ViewController.swift in Sources */ = {isa = PBXBuildFile; fileRef = 34C914621E8E2D82001AD3AC /* ViewController.swift */; };
		34C914661E8E2D82001AD3AC /* Main.storyboard in Resources */ = {isa = PBXBuildFile; fileRef = 34C914641E8E2D82001AD3AC /* Main.storyboard */; };
		34C914681E8E2D82001AD3AC /* Assets.xcassets in Resources */ = {isa = PBXBuildFile; fileRef = 34C914671E8E2D82001AD3AC /* Assets.xcassets */; };
		34C9146B1E8E2D82001AD3AC /* LaunchScreen.storyboard in Resources */ = {isa = PBXBuildFile; fileRef = 34C914691E8E2D82001AD3AC /* LaunchScreen.storyboard */; };
/* End PBXBuildFile section */

/* Begin PBXFileReference section */
		34C9145D1E8E2D82001AD3AC /* SC.app */ = {isa = PBXFileReference; explicitFileType = wrapper.application; includeInIndex = 0; path = SC.app; sourceTree = BUILT_PRODUCTS_DIR; };
		34C914601E8E2D82001AD3AC /* AppDelegate.swift */ = {isa = PBXFileReference; lastKnownFileType = sourcecode.swift; path = AppDelegate.swift; sourceTree = "<group>"; };
		34C914621E8E2D82001AD3AC /* ViewController.swift */ = {isa = PBXFileReference; lastKnownFileType = sourcecode.swift; path = ViewController.swift; sourceTree = "<group>"; };
		34C914651E8E2D82001AD3AC /* Base */ = {isa = PBXFileReference; lastKnownFileType = file.storyboard; name = Base; path = Base.lproj/Main.storyboard; sourceTree = "<group>"; };
		34C914671E8E2D82001AD3AC /* Assets.xcassets */ = {isa = PBXFileReference; lastKnownFileType = folder.assetcatalog; path = Assets.xcassets; sourceTree = "<group>"; };
		34C9146A1E8E2D82001AD3AC /* Base */ = {isa = PBXFileReference; lastKnownFileType = file.storyboard; name = Base; path = Base.lproj/LaunchScreen.storyboard; sourceTree = "<group>"; };
		34C9146C1E8E2D82001AD3AC /* Info.plist */ = {isa = PBXFileReference; lastKnownFileType = text.plist.xml; path = Info.plist; sourceTree = "<group>"; };
/* End PBXFileReference section */

/* Begin PBXFrameworksBuildPhase section */
		34C9145A1E8E2D82001AD3AC /* Frameworks */ = {
			isa = PBXFrameworksBuildPhase;
			buildActionMask = 2147483647;
			files = (
			);
			runOnlyForDeploymentPostprocessing = 0;
		};
/* End PBXFrameworksBuildPhase section */

/* Begin PBXGroup section */
		34C914541E8E2D82001AD3AC = {
			isa = PBXGroup;
			children = (
				34C9145F1E8E2D82001AD3AC /* SC */,
				34C9145E1E8E2D82001AD3AC /* Products */,
			);
			sourceTree = "<group>";
		};
		34C9145E1E8E2D82001AD3AC /* Products */ = {
			isa = PBXGroup;
			children = (
				34C9145D1E8E2D82001AD3AC /* SC.app */,
			);
			name = Products;
			sourceTree = "<group>";
		};
		34C9145F1E8E2D82001AD3AC /* SC */ = {
			isa = PBXGroup;
			children = (
				34C914601E8E2D82001AD3AC /* AppDelegate.swift */,
				34C914621E8E2D82001AD3AC /* ViewController.swift */,
				34C914641E8E2D82001AD3AC /* Main.storyboard */,
				34C914671E8E2D82001AD3AC /* Assets.xcassets */,
				34C914691E8E2D82001AD3AC /* LaunchScreen.storyboard */,
				34C9146C1E8E2D82001AD3AC /* Info.plist */,
			);
			path = SC;
			sourceTree = "<group>";
		};
/* End PBXGroup section */

/* Begin PBXNativeTarget section */
		34C9145C1E8E2D82001AD3AC /* SC */ = {
			isa = PBXNativeTarget;
			buildConfigurationList = 34C9146F1E8E2D82001AD3AC /* Build configuration list for PBXNativeTarget "SC" */;
			buildPhases = (
				34C914591E8E2D82001AD3AC /* Sources */,
				34C9145A1E8E2D82001AD3AC /* Frameworks */,
				34C9145B1E8E2D82001AD3AC /* Resources */,
			);
			buildRules = (
			);
			dependencies = (
			);
			name = SC;
			productName = SC;
			productReference = 34C9145D1E8E2D82001AD3AC /* SC.app */;
			productType = "com.apple.product-type.application";
		};
/* End PBXNativeTarget section */

/* Begin PBXProject section */
		34C914551E8E2D82001AD3AC /* Project object */ = {
			isa = PBXProject;
			attributes = {
				LastSwiftUpdateCheck = 0820;
				LastUpgradeCheck = 0820;
				ORGANIZATIONNAME = ChiaYu;
				TargetAttributes = {
					34C9145C1E8E2D82001AD3AC = {
						CreatedOnToolsVersion = 8.2.1;
						ProvisioningStyle = Automatic;
					};
				};
			};
			buildConfigurationList = 34C914581E8E2D82001AD3AC /* Build configuration list for PBXProject "SC" */;
			compatibilityVersion = "Xcode 3.2";
			developmentRegion = English;
			hasScannedForEncodings = 0;
			knownRegions = (
				en,
				Base,
			);
			mainGroup = 34C914541E8E2D82001AD3AC;
			productRefGroup = 34C9145E1E8E2D82001AD3AC /* Products */;
			projectDirPath = "";
			projectRoot = "";
			targets = (
				34C9145C1E8E2D82001AD3AC /* SC */,
			);
		};
/* End PBXProject section */

/* Begin PBXResourcesBuildPhase section */
		34C9145B1E8E2D82001AD3AC /* Resources */ = {
			isa = PBXResourcesBuildPhase;
			buildActionMask = 2147483647;
			files = (
				34C9146B1E8E2D82001AD3AC /* LaunchScreen.storyboard in Resources */,
				34C914681E8E2D82001AD3AC /* Assets.xcassets in Resources */,
				34C914661E8E2D82001AD3AC /* Main.storyboard in Resources */,
			);
			runOnlyForDeploymentPostprocessing = 0;
		};
/* End PBXResourcesBuildPhase section */

/* Begin PBXSourcesBuildPhase section */
		34C914591E8E2D82001AD3AC /* Sources */ = {
			isa = PBXSourcesBuildPhase;
			buildActionMask = 2147483647;
			files = (
				34C914631E8E2D82001AD3AC /* ViewController.swift in Sources */,
				34C914611E8E2D82001AD3AC /* AppDelegate.swift in Sources */,
			);
			runOnlyForDeploymentPostprocessing = 0;
		};
/* End PBXSourcesBuildPhase section */

/* Begin PBXVariantGroup section */
		34C914641E8E2D82001AD3AC /* Main.storyboard */ = {
			isa = PBXVariantGroup;
			children = (
				34C914651E8E2D82001AD3AC /* Base */,
			);
			name = Main.storyboard;
			sourceTree = "<group>";
		};
		34C914691E8E2D82001AD3AC /* LaunchScreen.storyboard */ = {
			isa = PBXVariantGroup;
			children = (
				34C9146A1E8E2D82001AD3AC /* Base */,
			);
			name = LaunchScreen.storyboard;
			sourceTree = "<group>";
		};
/* End PBXVariantGroup section */

/* Begin XCBuildConfiguration section */
		34C9146D1E8E2D82001AD3AC /* Debug */ = {
			isa = XCBuildConfiguration;
			buildSettings = {
				ALWAYS_SEARCH_USER_PATHS = NO;
				CLANG_ANALYZER_NONNULL = YES;
				CLANG_CXX_LANGUAGE_STANDARD = "gnu++0x";
				CLANG_CXX_LIBRARY = "libc++";
				CLANG_ENABLE_MODULES = YES;
				CLANG_ENABLE_OBJC_ARC = YES;
				CLANG_WARN_BOOL_CONVERSION = YES;
				CLANG_WARN_CONSTANT_CONVERSION = YES;
				CLANG_WARN_DIRECT_OBJC_ISA_USAGE = YES_ERROR;
				CLANG_WARN_DOCUMENTATION_COMMENTS = YES;
				CLANG_WARN_EMPTY_BODY = YES;
				CLANG_WARN_ENUM_CONVERSION = YES;
				CLANG_WARN_INFINITE_RECURSION = YES;
				CLANG_WARN_INT_CONVERSION = YES;
				CLANG_WARN_OBJC_ROOT_CLASS = YES_ERROR;
				CLANG_WARN_SUSPICIOUS_MOVE = YES;
				CLANG_WARN_UNREACHABLE_CODE = YES;
				CLANG_WARN__DUPLICATE_METHOD_MATCH = YES;
				"CODE_SIGN_IDENTITY[sdk=iphoneos*]" = "iPhone Developer";
				COPY_PHASE_STRIP = NO;
				DEBUG_INFORMATION_FORMAT = dwarf;
				ENABLE_STRICT_OBJC_MSGSEND = YES;
				ENABLE_TESTABILITY = YES;
				GCC_C_LANGUAGE_STANDARD = gnu99;
				GCC_DYNAMIC_NO_PIC = NO;
				GCC_NO_COMMON_BLOCKS = YES;
				GCC_OPTIMIZATION_LEVEL = 0;
				GCC_PREPROCESSOR_DEFINITIONS = (
					"DEBUG=1",
					"$(inherited)",
				);
				GCC_WARN_64_TO_32_BIT_CONVERSION = YES;
				GCC_WARN_ABOUT_RETURN_TYPE = YES_ERROR;
				GCC_WARN_UNDECLARED_SELECTOR = YES;
				GCC_WARN_UNINITIALIZED_AUTOS = YES_AGGRESSIVE;
				GCC_WARN_UNUSED_FUNCTION = YES;
				GCC_WARN_UNUSED_VARIABLE = YES;
				IPHONEOS_DEPLOYMENT_TARGET = 9.0;
				MTL_ENABLE_DEBUG_INFO = YES;
				ONLY_ACTIVE_ARCH = YES;
				SDKROOT = iphoneos;
				SWIFT_ACTIVE_COMPILATION_CONDITIONS = DEBUG;
				SWIFT_OPTIMIZATION_LEVEL = "-Onone";
			};
			name = Debug;
		};
		34C9146E1E8E2D82001AD3AC /* Release */ = {
			isa = XCBuildConfiguration;
			buildSettings = {
				ALWAYS_SEARCH_USER_PATHS = NO;
				CLANG_ANALYZER_NONNULL = YES;
				CLANG_CXX_LANGUAGE_STANDARD = "gnu++0x";
				CLANG_CXX_LIBRARY = "libc++";
				CLANG_ENABLE_MODULES = YES;
				CLANG_ENABLE_OBJC_ARC = YES;
				CLANG_WARN_BOOL_CONVERSION = YES;
				CLANG_WARN_CONSTANT_CONVERSION = YES;
				CLANG_WARN_DIRECT_OBJC_ISA_USAGE = YES_ERROR;
				CLANG_WARN_DOCUMENTATION_COMMENTS = YES;
				CLANG_WARN_EMPTY_BODY = YES;
				CLANG_WARN_ENUM_CONVERSION = YES;
				CLANG_WARN_INFINITE_RECURSION = YES;
				CLANG_WARN_INT_CONVERSION = YES;
				CLANG_WARN_OBJC_ROOT_CLASS = YES_ERROR;
				CLANG_WARN_SUSPICIOUS_MOVE = YES;
				CLANG_WARN_UNREACHABLE_CODE = YES;
				CLANG_WARN__DUPLICATE_METHOD_MATCH = YES;
				"CODE_SIGN_IDENTITY[sdk=iphoneos*]" = "iPhone Developer";
				COPY_PHASE_STRIP = NO;
				DEBUG_INFORMATION_FORMAT = "dwarf-with-dsym";
				ENABLE_NS_ASSERTIONS = NO;
				ENABLE_STRICT_OBJC_MSGSEND = YES;
				GCC_C_LANGUAGE_STANDARD = gnu99;
				GCC_NO_COMMON_BLOCKS = YES;
				GCC_WARN_64_TO_32_BIT_CONVERSION = YES;
				GCC_WARN_ABOUT_RETURN_TYPE = YES_ERROR;
				GCC_WARN_UNDECLARED_SELECTOR = YES;
				GCC_WARN_UNINITIALIZED_AUTOS = YES_AGGRESSIVE;
				GCC_WARN_UNUSED_FUNCTION = YES;
				GCC_WARN_UNUSED_VARIABLE = YES;
				IPHONEOS_DEPLOYMENT_TARGET = 9.0;
				MTL_ENABLE_DEBUG_INFO = NO;
				SDKROOT = iphoneos;
				SWIFT_OPTIMIZATION_LEVEL = "-Owholemodule";
				VALIDATE_PRODUCT = YES;
			};
			name = Release;
		};
		34C914701E8E2D82001AD3AC /* Debug */ = {
			isa = XCBuildConfiguration;
			buildSettings = {
				ASSETCATALOG_COMPILER_APPICON_NAME = AppIcon;
				INFOPLIST_FILE = SC/Info.plist;
				LD_RUNPATH_SEARCH_PATHS = "$(inherited) @executable_path/Frameworks";
				PRODUCT_BUNDLE_IDENTIFIER = com.gina.SC;
				PRODUCT_NAME = "$(TARGET_NAME)";
				SWIFT_VERSION = 3.0;
			};
			name = Debug;
		};
		34C914711E8E2D82001AD3AC /* Release */ = {
			isa = XCBuildConfiguration;
			buildSettings = {
				ASSETCATALOG_COMPILER_APPICON_NAME = AppIcon;
				INFOPLIST_FILE = SC/Info.plist;
				LD_RUNPATH_SEARCH_PATHS = "$(inherited) @executable_path/Frameworks";
				PRODUCT_BUNDLE_IDENTIFIER = com.gina.SC;
				PRODUCT_NAME = "$(TARGET_NAME)";
				SWIFT_VERSION = 3.0;
			};
			name = Release;
		};
/* End XCBuildConfiguration section */

/* Begin XCConfigurationList section */
		34C914581E8E2D82001AD3AC /* Build configuration list for PBXProject "SC" */ = {
			isa = XCConfigurationList;
			buildConfigurations = (
				34C9146D1E8E2D82001AD3AC /* Debug */,
				34C9146E1E8E2D82001AD3AC /* Release */,
			);
			defaultConfigurationIsVisible = 0;
			defaultConfigurationName = Release;
		};
		34C9146F1E8E2D82001AD3AC /* Build configuration list for PBXNativeTarget "SC" */ = {
			isa = XCConfigurationList;
			buildConfigurations = (
				34C914701E8E2D82001AD3AC /* Debug */,
				34C914711E8E2D82001AD3AC /* Release */,
			);
			defaultConfigurationIsVisible = 0;
			defaultConfigurationName = Release;
		};
/* End XCConfigurationList section */
	};
	rootObject = 34C914551E8E2D82001AD3AC /* Project object */;
}
